// !$*UTF8*$!
{
	archiveVersion = 1;
	classes = {
	};
	objectVersion = 77;
	objects = {

/* Begin PBXBuildFile section */
		39D4B3F02DFC151500395D48 /* README.md in Resources */ = {isa = PBXBuildFile; fileRef = 39D4B3EF2DFC151000395D48 /* README.md */; };
		39D4B3F62DFC186400395D48 /* mandelbrot_16k.png in Resources */ = {isa = PBXBuildFile; fileRef = 39D4B3F52DFC186400395D48 /* mandelbrot_16k.png */; };
		39D4B3F82DFC190400395D48 /* banner.png in Resources */ = {isa = PBXBuildFile; fileRef = 39D4B3F72DFC190400395D48 /* banner.png */; };
		39D4B3FA2DFC1AD200395D48 /* .gitignore in Resources */ = {isa = PBXBuildFile; fileRef = 39D4B3F92DFC1ACC00395D48 /* .gitignore */; };
/* End PBXBuildFile section */

/* Begin PBXContainerItemProxy section */
		39D4B3C52DFBFC5200395D48 /* PBXContainerItemProxy */ = {
			isa = PBXContainerItemProxy;
			containerPortal = 39D4B3AB2DFBFC5200395D48 /* Project object */;
			proxyType = 1;
			remoteGlobalIDString = 39D4B3B22DFBFC5200395D48;
			remoteInfo = MandelbrotGPU;
		};
		39D4B3CF2DFBFC5200395D48 /* PBXContainerItemProxy */ = {
			isa = PBXContainerItemProxy;
			containerPortal = 39D4B3AB2DFBFC5200395D48 /* Project object */;
			proxyType = 1;
			remoteGlobalIDString = 39D4B3B22DFBFC5200395D48;
			remoteInfo = MandelbrotGPU;
		};
/* End PBXContainerItemProxy section */

/* Begin PBXFileReference section */
		39D4B3B32DFBFC5200395D48 /* MandelbrotGPU.app */ = {isa = PBXFileReference; explicitFileType = wrapper.application; includeInIndex = 0; path = MandelbrotGPU.app; sourceTree = BUILT_PRODUCTS_DIR; };
		39D4B3C42DFBFC5200395D48 /* MandelbrotGPUTests.xctest */ = {isa = PBXFileReference; explicitFileType = wrapper.cfbundle; includeInIndex = 0; path = MandelbrotGPUTests.xctest; sourceTree = BUILT_PRODUCTS_DIR; };
		39D4B3CE2DFBFC5200395D48 /* MandelbrotGPUUITests.xctest */ = {isa = PBXFileReference; explicitFileType = wrapper.cfbundle; includeInIndex = 0; path = MandelbrotGPUUITests.xctest; sourceTree = BUILT_PRODUCTS_DIR; };
		39D4B3EF2DFC151000395D48 /* README.md */ = {isa = PBXFileReference; lastKnownFileType = net.daringfireball.markdown; path = README.md; sourceTree = "<group>"; };
		39D4B3F52DFC186400395D48 /* mandelbrot_16k.png */ = {isa = PBXFileReference; lastKnownFileType = image.png; path = mandelbrot_16k.png; sourceTree = "<group>"; };
		39D4B3F72DFC190400395D48 /* banner.png */ = {isa = PBXFileReference; lastKnownFileType = image.png; path = banner.png; sourceTree = "<group>"; };
		39D4B3F92DFC1ACC00395D48 /* .gitignore */ = {isa = PBXFileReference; lastKnownFileType = text; path = .gitignore; sourceTree = "<group>"; };
/* End PBXFileReference section */

/* Begin PBXFileSystemSynchronizedRootGroup section */
		39D4B3B52DFBFC5200395D48 /* MandelbrotGPU */ = {
			isa = PBXFileSystemSynchronizedRootGroup;
			path = MandelbrotGPU;
			sourceTree = "<group>";
		};
		39D4B3C72DFBFC5200395D48 /* MandelbrotGPUTests */ = {
			isa = PBXFileSystemSynchronizedRootGroup;
			path = MandelbrotGPUTests;
			sourceTree = "<group>";
		};
		39D4B3D12DFBFC5200395D48 /* MandelbrotGPUUITests */ = {
			isa = PBXFileSystemSynchronizedRootGroup;
			path = MandelbrotGPUUITests;
			sourceTree = "<group>";
		};
/* End PBXFileSystemSynchronizedRootGroup section */

/* Begin PBXFrameworksBuildPhase section */
		39D4B3B02DFBFC5200395D48 /* Frameworks */ = {
			isa = PBXFrameworksBuildPhase;
			buildActionMask = 2147483647;
			files = (
			);
			runOnlyForDeploymentPostprocessing = 0;
		};
		39D4B3C12DFBFC5200395D48 /* Frameworks */ = {
			isa = PBXFrameworksBuildPhase;
			buildActionMask = 2147483647;
			files = (
			);
			runOnlyForDeploymentPostprocessing = 0;
		};
		39D4B3CB2DFBFC5200395D48 /* Frameworks */ = {
			isa = PBXFrameworksBuildPhase;
			buildActionMask = 2147483647;
			files = (
			);
			runOnlyForDeploymentPostprocessing = 0;
		};
/* End PBXFrameworksBuildPhase section */

/* Begin PBXGroup section */
		39D4B3AA2DFBFC5200395D48 = {
			isa = PBXGroup;
			children = (
				39D4B3F92DFC1ACC00395D48 /* .gitignore */,
				39D4B3EF2DFC151000395D48 /* README.md */,
				39D4B3B52DFBFC5200395D48 /* MandelbrotGPU */,
				39D4B3C72DFBFC5200395D48 /* MandelbrotGPUTests */,
				39D4B3D12DFBFC5200395D48 /* MandelbrotGPUUITests */,
				39D4B3B42DFBFC5200395D48 /* Products */,
				39D4B3F52DFC186400395D48 /* mandelbrot_16k.png */,
				39D4B3F72DFC190400395D48 /* banner.png */,
			);
			sourceTree = "<group>";
		};
		39D4B3B42DFBFC5200395D48 /* Products */ = {
			isa = PBXGroup;
			children = (
				39D4B3B32DFBFC5200395D48 /* MandelbrotGPU.app */,
				39D4B3C42DFBFC5200395D48 /* MandelbrotGPUTests.xctest */,
				39D4B3CE2DFBFC5200395D48 /* MandelbrotGPUUITests.xctest */,
			);
			name = Products;
			sourceTree = "<group>";
		};
/* End PBXGroup section */

/* Begin PBXNativeTarget section */
		39D4B3B22DFBFC5200395D48 /* MandelbrotGPU */ = {
			isa = PBXNativeTarget;
			buildConfigurationList = 39D4B3D82DFBFC5200395D48 /* Build configuration list for PBXNativeTarget "MandelbrotGPU" */;
			buildPhases = (
				39D4B3AF2DFBFC5200395D48 /* Sources */,
				39D4B3B02DFBFC5200395D48 /* Frameworks */,
				39D4B3B12DFBFC5200395D48 /* Resources */,
			);
			buildRules = (
			);
			dependencies = (
			);
			fileSystemSynchronizedGroups = (
				39D4B3B52DFBFC5200395D48 /* MandelbrotGPU */,
			);
			name = MandelbrotGPU;
			packageProductDependencies = (
			);
			productName = MandelbrotGPU;
			productReference = 39D4B3B32DFBFC5200395D48 /* MandelbrotGPU.app */;
			productType = "com.apple.product-type.application";
		};
		39D4B3C32DFBFC5200395D48 /* MandelbrotGPUTests */ = {
			isa = PBXNativeTarget;
			buildConfigurationList = 39D4B3DB2DFBFC5200395D48 /* Build configuration list for PBXNativeTarget "MandelbrotGPUTests" */;
			buildPhases = (
				39D4B3C02DFBFC5200395D48 /* Sources */,
				39D4B3C12DFBFC5200395D48 /* Frameworks */,
				39D4B3C22DFBFC5200395D48 /* Resources */,
			);
			buildRules = (
			);
			dependencies = (
				39D4B3C62DFBFC5200395D48 /* PBXTargetDependency */,
			);
			fileSystemSynchronizedGroups = (
				39D4B3C72DFBFC5200395D48 /* MandelbrotGPUTests */,
			);
			name = MandelbrotGPUTests;
			packageProductDependencies = (
			);
			productName = MandelbrotGPUTests;
			productReference = 39D4B3C42DFBFC5200395D48 /* MandelbrotGPUTests.xctest */;
			productType = "com.apple.product-type.bundle.unit-test";
		};
		39D4B3CD2DFBFC5200395D48 /* MandelbrotGPUUITests */ = {
			isa = PBXNativeTarget;
			buildConfigurationList = 39D4B3DE2DFBFC5200395D48 /* Build configuration list for PBXNativeTarget "MandelbrotGPUUITests" */;
			buildPhases = (
				39D4B3CA2DFBFC5200395D48 /* Sources */,
				39D4B3CB2DFBFC5200395D48 /* Frameworks */,
				39D4B3CC2DFBFC5200395D48 /* Resources */,
			);
			buildRules = (
			);
			dependencies = (
				39D4B3D02DFBFC5200395D48 /* PBXTargetDependency */,
			);
			fileSystemSynchronizedGroups = (
				39D4B3D12DFBFC5200395D48 /* MandelbrotGPUUITests */,
			);
			name = MandelbrotGPUUITests;
			packageProductDependencies = (
			);
			productName = MandelbrotGPUUITests;
			productReference = 39D4B3CE2DFBFC5200395D48 /* MandelbrotGPUUITests.xctest */;
			productType = "com.apple.product-type.bundle.ui-testing";
		};
/* End PBXNativeTarget section */

/* Begin PBXProject section */
		39D4B3AB2DFBFC5200395D48 /* Project object */ = {
			isa = PBXProject;
			attributes = {
				BuildIndependentTargetsInParallel = 1;
				LastSwiftUpdateCheck = 1620;
				LastUpgradeCheck = 1620;
				TargetAttributes = {
					39D4B3B22DFBFC5200395D48 = {
						CreatedOnToolsVersion = 16.2;
					};
					39D4B3C32DFBFC5200395D48 = {
						CreatedOnToolsVersion = 16.2;
						TestTargetID = 39D4B3B22DFBFC5200395D48;
					};
					39D4B3CD2DFBFC5200395D48 = {
						CreatedOnToolsVersion = 16.2;
						TestTargetID = 39D4B3B22DFBFC5200395D48;
					};
				};
			};
			buildConfigurationList = 39D4B3AE2DFBFC5200395D48 /* Build configuration list for PBXProject "MandelbrotGPU" */;
			developmentRegion = en;
			hasScannedForEncodings = 0;
			knownRegions = (
				en,
				Base,
			);
			mainGroup = 39D4B3AA2DFBFC5200395D48;
			minimizedProjectReferenceProxies = 1;
			preferredProjectObjectVersion = 77;
			productRefGroup = 39D4B3B42DFBFC5200395D48 /* Products */;
			projectDirPath = "";
			projectRoot = "";
			targets = (
				39D4B3B22DFBFC5200395D48 /* MandelbrotGPU */,
				39D4B3C32DFBFC5200395D48 /* MandelbrotGPUTests */,
				39D4B3CD2DFBFC5200395D48 /* MandelbrotGPUUITests */,
			);
		};
/* End PBXProject section */

/* Begin PBXResourcesBuildPhase section */
		39D4B3B12DFBFC5200395D48 /* Resources */ = {
			isa = PBXResourcesBuildPhase;
			buildActionMask = 2147483647;
			files = (
				39D4B3F02DFC151500395D48 /* README.md in Resources */,
				39D4B3F62DFC186400395D48 /* mandelbrot_16k.png in Resources */,
				39D4B3FA2DFC1AD200395D48 /* .gitignore in Resources */,
				39D4B3F82DFC190400395D48 /* banner.png in Resources */,
			);
			runOnlyForDeploymentPostprocessing = 0;
		};
		39D4B3C22DFBFC5200395D48 /* Resources */ = {
			isa = PBXResourcesBuildPhase;
			buildActionMask = 2147483647;
			files = (
			);
			runOnlyForDeploymentPostprocessing = 0;
		};
		39D4B3CC2DFBFC5200395D48 /* Resources */ = {
			isa = PBXResourcesBuildPhase;
			buildActionMask = 2147483647;
			files = (
			);
			runOnlyForDeploymentPostprocessing = 0;
		};
/* End PBXResourcesBuildPhase section */

/* Begin PBXSourcesBuildPhase section */
		39D4B3AF2DFBFC5200395D48 /* Sources */ = {
			isa = PBXSourcesBuildPhase;
			buildActionMask = 2147483647;
			files = (
			);
			runOnlyForDeploymentPostprocessing = 0;
		};
		39D4B3C02DFBFC5200395D48 /* Sources */ = {
			isa = PBXSourcesBuildPhase;
			buildActionMask = 2147483647;
			files = (
			);
			runOnlyForDeploymentPostprocessing = 0;
		};
		39D4B3CA2DFBFC5200395D48 /* Sources */ = {
			isa = PBXSourcesBuildPhase;
			buildActionMask = 2147483647;
			files = (
			);
			runOnlyForDeploymentPostprocessing = 0;
		};
/* End PBXSourcesBuildPhase section */

/* Begin PBXTargetDependency section */
		39D4B3C62DFBFC5200395D48 /* PBXTargetDependency */ = {
			isa = PBXTargetDependency;
			target = 39D4B3B22DFBFC5200395D48 /* MandelbrotGPU */;
			targetProxy = 39D4B3C52DFBFC5200395D48 /* PBXContainerItemProxy */;
		};
		39D4B3D02DFBFC5200395D48 /* PBXTargetDependency */ = {
			isa = PBXTargetDependency;
			target = 39D4B3B22DFBFC5200395D48 /* MandelbrotGPU */;
			targetProxy = 39D4B3CF2DFBFC5200395D48 /* PBXContainerItemProxy */;
		};
/* End PBXTargetDependency section */

/* Begin XCBuildConfiguration section */
		39D4B3D62DFBFC5200395D48 /* Debug */ = {
			isa = XCBuildConfiguration;
			buildSettings = {
				ALWAYS_SEARCH_USER_PATHS = NO;
				ASSETCATALOG_COMPILER_GENERATE_SWIFT_ASSET_SYMBOL_EXTENSIONS = YES;
				CLANG_ANALYZER_NONNULL = YES;
				CLANG_ANALYZER_NUMBER_OBJECT_CONVERSION = YES_AGGRESSIVE;
				CLANG_CXX_LANGUAGE_STANDARD = "gnu++20";
				CLANG_ENABLE_MODULES = YES;
				CLANG_ENABLE_OBJC_ARC = YES;
				CLANG_ENABLE_OBJC_WEAK = YES;
				CLANG_WARN_BLOCK_CAPTURE_AUTORELEASING = YES;
				CLANG_WARN_BOOL_CONVERSION = YES;
				CLANG_WARN_COMMA = YES;
				CLANG_WARN_CONSTANT_CONVERSION = YES;
				CLANG_WARN_DEPRECATED_OBJC_IMPLEMENTATIONS = YES;
				CLANG_WARN_DIRECT_OBJC_ISA_USAGE = YES_ERROR;
				CLANG_WARN_DOCUMENTATION_COMMENTS = YES;
				CLANG_WARN_EMPTY_BODY = YES;
				CLANG_WARN_ENUM_CONVERSION = YES;
				CLANG_WARN_INFINITE_RECURSION = YES;
				CLANG_WARN_INT_CONVERSION = YES;
				CLANG_WARN_NON_LITERAL_NULL_CONVERSION = YES;
				CLANG_WARN_OBJC_IMPLICIT_RETAIN_SELF = YES;
				CLANG_WARN_OBJC_LITERAL_CONVERSION = YES;
				CLANG_WARN_OBJC_ROOT_CLASS = YES_ERROR;
				CLANG_WARN_QUOTED_INCLUDE_IN_FRAMEWORK_HEADER = YES;
				CLANG_WARN_RANGE_LOOP_ANALYSIS = YES;
				CLANG_WARN_STRICT_PROTOTYPES = YES;
				CLANG_WARN_SUSPICIOUS_MOVE = YES;
				CLANG_WARN_UNGUARDED_AVAILABILITY = YES_AGGRESSIVE;
				CLANG_WARN_UNREACHABLE_CODE = YES;
				CLANG_WARN__DUPLICATE_METHOD_MATCH = YES;
				COPY_PHASE_STRIP = NO;
				DEBUG_INFORMATION_FORMAT = dwarf;
				ENABLE_STRICT_OBJC_MSGSEND = YES;
				ENABLE_TESTABILITY = YES;
				ENABLE_USER_SCRIPT_SANDBOXING = YES;
				GCC_C_LANGUAGE_STANDARD = gnu17;
				GCC_DYNAMIC_NO_PIC = NO;
				GCC_NO_COMMON_BLOCKS = YES;
				GCC_OPTIMIZATION_LEVEL = 0;
				GCC_PREPROCESSOR_DEFINITIONS = (
					"DEBUG=1",
					"$(inherited)",
				);
				GCC_WARN_64_TO_32_BIT_CONVERSION = YES;
				GCC_WARN_ABOUT_RETURN_TYPE = YES_ERROR;
				GCC_WARN_UNDECLARED_SELECTOR = YES;
				GCC_WARN_UNINITIALIZED_AUTOS = YES_AGGRESSIVE;
				GCC_WARN_UNUSED_FUNCTION = YES;
				GCC_WARN_UNUSED_VARIABLE = YES;
				LOCALIZATION_PREFERS_STRING_CATALOGS = YES;
				MACOSX_DEPLOYMENT_TARGET = 15.2;
				MTL_ENABLE_DEBUG_INFO = INCLUDE_SOURCE;
				MTL_ENABLE_MODULES = YES;
				MTL_FAST_MATH = YES;
				MTL_MATH_FP32_FUNCTIONS = PRECISE;
				ONLY_ACTIVE_ARCH = YES;
				SDKROOT = macosx;
				SWIFT_ACTIVE_COMPILATION_CONDITIONS = "DEBUG $(inherited)";
				SWIFT_OPTIMIZATION_LEVEL = "-Onone";
			};
			name = Debug;
		};
		39D4B3D72DFBFC5200395D48 /* Release */ = {
			isa = XCBuildConfiguration;
			buildSettings = {
				ALWAYS_SEARCH_USER_PATHS = NO;
				ASSETCATALOG_COMPILER_GENERATE_SWIFT_ASSET_SYMBOL_EXTENSIONS = YES;
				CLANG_ANALYZER_NONNULL = YES;
				CLANG_ANALYZER_NUMBER_OBJECT_CONVERSION = YES_AGGRESSIVE;
				CLANG_CXX_LANGUAGE_STANDARD = "gnu++20";
				CLANG_ENABLE_MODULES = YES;
				CLANG_ENABLE_OBJC_ARC = YES;
				CLANG_ENABLE_OBJC_WEAK = YES;
				CLANG_WARN_BLOCK_CAPTURE_AUTORELEASING = YES;
				CLANG_WARN_BOOL_CONVERSION = YES;
				CLANG_WARN_COMMA = YES;
				CLANG_WARN_CONSTANT_CONVERSION = YES;
				CLANG_WARN_DEPRECATED_OBJC_IMPLEMENTATIONS = YES;
				CLANG_WARN_DIRECT_OBJC_ISA_USAGE = YES_ERROR;
				CLANG_WARN_DOCUMENTATION_COMMENTS = YES;
				CLANG_WARN_EMPTY_BODY = YES;
				CLANG_WARN_ENUM_CONVERSION = YES;
				CLANG_WARN_INFINITE_RECURSION = YES;
				CLANG_WARN_INT_CONVERSION = YES;
				CLANG_WARN_NON_LITERAL_NULL_CONVERSION = YES;
				CLANG_WARN_OBJC_IMPLICIT_RETAIN_SELF = YES;
				CLANG_WARN_OBJC_LITERAL_CONVERSION = YES;
				CLANG_WARN_OBJC_ROOT_CLASS = YES_ERROR;
				CLANG_WARN_QUOTED_INCLUDE_IN_FRAMEWORK_HEADER = YES;
				CLANG_WARN_RANGE_LOOP_ANALYSIS = YES;
				CLANG_WARN_STRICT_PROTOTYPES = YES;
				CLANG_WARN_SUSPICIOUS_MOVE = YES;
				CLANG_WARN_UNGUARDED_AVAILABILITY = YES_AGGRESSIVE;
				CLANG_WARN_UNREACHABLE_CODE = YES;
				CLANG_WARN__DUPLICATE_METHOD_MATCH = YES;
				COPY_PHASE_STRIP = NO;
				DEBUG_INFORMATION_FORMAT = "dwarf-with-dsym";
				ENABLE_NS_ASSERTIONS = NO;
				ENABLE_STRICT_OBJC_MSGSEND = YES;
				ENABLE_USER_SCRIPT_SANDBOXING = YES;
				GCC_C_LANGUAGE_STANDARD = gnu17;
				GCC_NO_COMMON_BLOCKS = YES;
				GCC_WARN_64_TO_32_BIT_CONVERSION = YES;
				GCC_WARN_ABOUT_RETURN_TYPE = YES_ERROR;
				GCC_WARN_UNDECLARED_SELECTOR = YES;
				GCC_WARN_UNINITIALIZED_AUTOS = YES_AGGRESSIVE;
				GCC_WARN_UNUSED_FUNCTION = YES;
				GCC_WARN_UNUSED_VARIABLE = YES;
				LOCALIZATION_PREFERS_STRING_CATALOGS = YES;
				MACOSX_DEPLOYMENT_TARGET = 15.2;
				MTL_ENABLE_DEBUG_INFO = NO;
				MTL_ENABLE_MODULES = YES;
				MTL_FAST_MATH = YES;
				MTL_MATH_FP32_FUNCTIONS = PRECISE;
				SDKROOT = macosx;
				SWIFT_COMPILATION_MODE = wholemodule;
			};
			name = Release;
		};
		39D4B3D92DFBFC5200395D48 /* Debug */ = {
			isa = XCBuildConfiguration;
			buildSettings = {
				ASSETCATALOG_COMPILER_APPICON_NAME = AppIcon;
				ASSETCATALOG_COMPILER_GLOBAL_ACCENT_COLOR_NAME = AccentColor;
				CODE_SIGN_ENTITLEMENTS = MandelbrotGPU/MandelbrotGPU.entitlements;
				CODE_SIGN_STYLE = Automatic;
				COMBINE_HIDPI_IMAGES = YES;
				CURRENT_PROJECT_VERSION = 1;
				DEVELOPMENT_ASSET_PATHS = "\"MandelbrotGPU/Preview Content\"";
				DEVELOPMENT_TEAM = B3YQJUS273;
				ENABLE_HARDENED_RUNTIME = YES;
				ENABLE_PREVIEWS = YES;
				GENERATE_INFOPLIST_FILE = YES;
				INFOPLIST_KEY_NSHumanReadableCopyright = "";
				LD_RUNPATH_SEARCH_PATHS = (
					"$(inherited)",
					"@executable_path/../Frameworks",
				);
				MARKETING_VERSION = 1.0;
				MTL_FAST_MATH = NO;
				PRODUCT_BUNDLE_IDENTIFIER = com.rakdcolon.MandelbrotGPU;
				PRODUCT_NAME = "$(TARGET_NAME)";
				SWIFT_EMIT_LOC_STRINGS = YES;
				SWIFT_VERSION = 5.0;
			};
			name = Debug;
		};
		39D4B3DA2DFBFC5200395D48 /* Release */ = {
			isa = XCBuildConfiguration;
			buildSettings = {
				ASSETCATALOG_COMPILER_APPICON_NAME = AppIcon;
				ASSETCATALOG_COMPILER_GLOBAL_ACCENT_COLOR_NAME = AccentColor;
				CODE_SIGN_ENTITLEMENTS = MandelbrotGPU/MandelbrotGPU.entitlements;
				CODE_SIGN_STYLE = Automatic;
				COMBINE_HIDPI_IMAGES = YES;
				CURRENT_PROJECT_VERSION = 1;
				DEVELOPMENT_ASSET_PATHS = "\"MandelbrotGPU/Preview Content\"";
				DEVELOPMENT_TEAM = B3YQJUS273;
				ENABLE_HARDENED_RUNTIME = YES;
				ENABLE_PREVIEWS = YES;
				GENERATE_INFOPLIST_FILE = YES;
				INFOPLIST_KEY_NSHumanReadableCopyright = "";
				LD_RUNPATH_SEARCH_PATHS = (
					"$(inherited)",
					"@executable_path/../Frameworks",
				);
				MARKETING_VERSION = 1.0;
				MTL_FAST_MATH = NO;
				PRODUCT_BUNDLE_IDENTIFIER = com.rakdcolon.MandelbrotGPU;
				PRODUCT_NAME = "$(TARGET_NAME)";
				SWIFT_EMIT_LOC_STRINGS = YES;
				SWIFT_VERSION = 5.0;
			};
			name = Release;
		};
		39D4B3DC2DFBFC5200395D48 /* Debug */ = {
			isa = XCBuildConfiguration;
			buildSettings = {
				BUNDLE_LOADER = "$(TEST_HOST)";
				CODE_SIGN_STYLE = Automatic;
				CURRENT_PROJECT_VERSION = 1;
				DEVELOPMENT_TEAM = B3YQJUS273;
				GENERATE_INFOPLIST_FILE = YES;
				MACOSX_DEPLOYMENT_TARGET = 15.2;
				MARKETING_VERSION = 1.0;
				PRODUCT_BUNDLE_IDENTIFIER = com.rakdcolon.MandelbrotGPUTests;
				PRODUCT_NAME = "$(TARGET_NAME)";
				SWIFT_EMIT_LOC_STRINGS = NO;
				SWIFT_VERSION = 5.0;
				TEST_HOST = "$(BUILT_PRODUCTS_DIR)/MandelbrotGPU.app/$(BUNDLE_EXECUTABLE_FOLDER_PATH)/MandelbrotGPU";
			};
			name = Debug;
		};
		39D4B3DD2DFBFC5200395D48 /* Release */ = {
			isa = XCBuildConfiguration;
			buildSettings = {
				BUNDLE_LOADER = "$(TEST_HOST)";
				CODE_SIGN_STYLE = Automatic;
				CURRENT_PROJECT_VERSION = 1;
				DEVELOPMENT_TEAM = B3YQJUS273;
				GENERATE_INFOPLIST_FILE = YES;
				MACOSX_DEPLOYMENT_TARGET = 15.2;
				MARKETING_VERSION = 1.0;
				PRODUCT_BUNDLE_IDENTIFIER = com.rakdcolon.MandelbrotGPUTests;
				PRODUCT_NAME = "$(TARGET_NAME)";
				SWIFT_EMIT_LOC_STRINGS = NO;
				SWIFT_VERSION = 5.0;
				TEST_HOST = "$(BUILT_PRODUCTS_DIR)/MandelbrotGPU.app/$(BUNDLE_EXECUTABLE_FOLDER_PATH)/MandelbrotGPU";
			};
			name = Release;
		};
		39D4B3DF2DFBFC5200395D48 /* Debug */ = {
			isa = XCBuildConfiguration;
			buildSettings = {
				CODE_SIGN_STYLE = Automatic;
				CURRENT_PROJECT_VERSION = 1;
				DEVELOPMENT_TEAM = B3YQJUS273;
				GENERATE_INFOPLIST_FILE = YES;
				MARKETING_VERSION = 1.0;
				PRODUCT_BUNDLE_IDENTIFIER = com.rakdcolon.MandelbrotGPUUITests;
				PRODUCT_NAME = "$(TARGET_NAME)";
				SWIFT_EMIT_LOC_STRINGS = NO;
				SWIFT_VERSION = 5.0;
				TEST_TARGET_NAME = MandelbrotGPU;
			};
			name = Debug;
		};
		39D4B3E02DFBFC5200395D48 /* Release */ = {
			isa = XCBuildConfiguration;
			buildSettings = {
				CODE_SIGN_STYLE = Automatic;
				CURRENT_PROJECT_VERSION = 1;
				DEVELOPMENT_TEAM = B3YQJUS273;
				GENERATE_INFOPLIST_FILE = YES;
				MARKETING_VERSION = 1.0;
				PRODUCT_BUNDLE_IDENTIFIER = com.rakdcolon.MandelbrotGPUUITests;
				PRODUCT_NAME = "$(TARGET_NAME)";
				SWIFT_EMIT_LOC_STRINGS = NO;
				SWIFT_VERSION = 5.0;
				TEST_TARGET_NAME = MandelbrotGPU;
			};
			name = Release;
		};
/* End XCBuildConfiguration section */

/* Begin XCConfigurationList section */
		39D4B3AE2DFBFC5200395D48 /* Build configuration list for PBXProject "MandelbrotGPU" */ = {
			isa = XCConfigurationList;
			buildConfigurations = (
				39D4B3D62DFBFC5200395D48 /* Debug */,
				39D4B3D72DFBFC5200395D48 /* Release */,
			);
			defaultConfigurationIsVisible = 0;
			defaultConfigurationName = Release;
		};
		39D4B3D82DFBFC5200395D48 /* Build configuration list for PBXNativeTarget "MandelbrotGPU" */ = {
			isa = XCConfigurationList;
			buildConfigurations = (
				39D4B3D92DFBFC5200395D48 /* Debug */,
				39D4B3DA2DFBFC5200395D48 /* Release */,
			);
			defaultConfigurationIsVisible = 0;
			defaultConfigurationName = Release;
		};
		39D4B3DB2DFBFC5200395D48 /* Build configuration list for PBXNativeTarget "MandelbrotGPUTests" */ = {
			isa = XCConfigurationList;
			buildConfigurations = (
				39D4B3DC2DFBFC5200395D48 /* Debug */,
				39D4B3DD2DFBFC5200395D48 /* Release */,
			);
			defaultConfigurationIsVisible = 0;
			defaultConfigurationName = Release;
		};
		39D4B3DE2DFBFC5200395D48 /* Build configuration list for PBXNativeTarget "MandelbrotGPUUITests" */ = {
			isa = XCConfigurationList;
			buildConfigurations = (
				39D4B3DF2DFBFC5200395D48 /* Debug */,
				39D4B3E02DFBFC5200395D48 /* Release */,
			);
			defaultConfigurationIsVisible = 0;
			defaultConfigurationName = Release;
		};
/* End XCConfigurationList section */
	};
	rootObject = 39D4B3AB2DFBFC5200395D48 /* Project object */;
}
